
Microsoft Visual Studio Solution File, Format Version 12.00
# Visual Studio 15
VisualStudioVersion = 15.0.27428.2037
MinimumVisualStudioVersion = 10.0.40219.1
Project("{FAE04EC0-301F-11D3-BF4B-00C04F79EFBC}") = "TheFactoryMethod", "TheFactoryMethod\TheFactoryMethod.csproj", "{B4965C09-D291-48A1-BFC3-103F85BDC191}"
EndProject
Global
	GlobalSection(SolutionConfigurationPlatforms) = preSolution
		Debug|Any CPU = Debug|Any CPU
		Release|Any CPU = Release|Any CPU
	EndGlobalSection
	GlobalSection(ProjectConfigurationPlatforms) = postSolution
		{B4965C09-D291-48A1-BFC3-103F85BDC191}.Debug|Any CPU.ActiveCfg = Debug|Any CPU
		{B4965C09-D291-48A1-BFC3-103F85BDC191}.Debug|Any CPU.Build.0 = Debug|Any CPU
		{B4965C09-D291-48A1-BFC3-103F85BDC191}.Release|Any CPU.ActiveCfg = Release|Any CPU
		{B4965C09-D291-48A1-BFC3-103F85BDC191}.Release|Any CPU.Build.0 = Release|Any CPU
	EndGlobalSection
	GlobalSection(SolutionProperties) = preSolution
		HideSolutionNode = FALSE
	EndGlobalSection
	GlobalSection(ExtensibilityGlobals) = postSolution
		SolutionGuid = {F7140E87-8583-47FE-B5F4-0C232501EC8A}
	EndGlobalSection
EndGlobal
