
Microsoft Visual Studio Solution File, Format Version 12.00
# Visual Studio 15
VisualStudioVersion = 15.0.27428.2037
MinimumVisualStudioVersion = 10.0.40219.1
Project("{FAE04EC0-301F-11D3-BF4B-00C04F79EFBC}") = "TheStrategyPattern", "TheStrategyPattern\TheStrategyPattern.csproj", "{0026DB2D-3170-46D5-929F-9832FA30F876}"
EndProject
Global
	GlobalSection(SolutionConfigurationPlatforms) = preSolution
		Debug|Any CPU = Debug|Any CPU
		Release|Any CPU = Release|Any CPU
	EndGlobalSection
	GlobalSection(ProjectConfigurationPlatforms) = postSolution
		{0026DB2D-3170-46D5-929F-9832FA30F876}.Debug|Any CPU.ActiveCfg = Debug|Any CPU
		{0026DB2D-3170-46D5-929F-9832FA30F876}.Debug|Any CPU.Build.0 = Debug|Any CPU
		{0026DB2D-3170-46D5-929F-9832FA30F876}.Release|Any CPU.ActiveCfg = Release|Any CPU
		{0026DB2D-3170-46D5-929F-9832FA30F876}.Release|Any CPU.Build.0 = Release|Any CPU
	EndGlobalSection
	GlobalSection(SolutionProperties) = preSolution
		HideSolutionNode = FALSE
	EndGlobalSection
	GlobalSection(ExtensibilityGlobals) = postSolution
		SolutionGuid = {33A3DF84-5F17-4064-BF27-FABD675B434C}
	EndGlobalSection
EndGlobal
